
Microsoft Visual Studio Solution File, Format Version 12.00
# Visual Studio Version 16
VisualStudioVersion = 16.0.29503.13
MinimumVisualStudioVersion = 10.0.40219.1
Project("{FAE04EC0-301F-11D3-BF4B-00C04F79EFBC}") = "BestRunApp", "BestRunApp\BestRunApp.csproj", "{EC7397AD-D380-436B-8705-FDC23EA2248E}"
EndProject
Global
	GlobalSection(SolutionConfigurationPlatforms) = preSolution
		Debug|Any CPU = Debug|Any CPU
		Release|Any CPU = Release|Any CPU
	EndGlobalSection
	GlobalSection(ProjectConfigurationPlatforms) = postSolution
		{EC7397AD-D380-436B-8705-FDC23EA2248E}.Debug|Any CPU.ActiveCfg = Debug|Any CPU
		{EC7397AD-D380-436B-8705-FDC23EA2248E}.Debug|Any CPU.Build.0 = Debug|Any CPU
		{EC7397AD-D380-436B-8705-FDC23EA2248E}.Release|Any CPU.ActiveCfg = Release|Any CPU
		{EC7397AD-D380-436B-8705-FDC23EA2248E}.Release|Any CPU.Build.0 = Release|Any CPU
	EndGlobalSection
	GlobalSection(SolutionProperties) = preSolution
		HideSolutionNode = FALSE
	EndGlobalSection
	GlobalSection(ExtensibilityGlobals) = postSolution
		SolutionGuid = {6F8FD72F-BC93-4652-A068-13BF8494BBDC}
	EndGlobalSection
EndGlobal
